
Microsoft Visual Studio Solution File, Format Version 12.00
# Visual Studio Version 17
VisualStudioVersion = 17.11.35219.272
MinimumVisualStudioVersion = 10.0.40219.1
Project("{FAE04EC0-301F-11D3-BF4B-00C04F79EFBC}") = "Demo.PL", "Demo.PL\Demo.PL.csproj", "{BE9BC5A5-E0EC-4ACE-8C06-C63528A2CE46}"
EndProject
Project("{FAE04EC0-301F-11D3-BF4B-00C04F79EFBC}") = "Demo.DAL", "Demo.DAL\Demo.DAL.csproj", "{0732A862-B7F6-4D96-97E8-0C8B27DCE146}"
EndProject
Project("{FAE04EC0-301F-11D3-BF4B-00C04F79EFBC}") = "Demo.BLL", "Demo.BLL\Demo.BLL.csproj", "{BC07556F-1B31-4079-9444-9D11F84964E7}"
EndProject
Global
	GlobalSection(SolutionConfigurationPlatforms) = preSolution
		Debug|Any CPU = Debug|Any CPU
		Release|Any CPU = Release|Any CPU
	EndGlobalSection
	GlobalSection(ProjectConfigurationPlatforms) = postSolution
		{BE9BC5A5-E0EC-4ACE-8C06-C63528A2CE46}.Debug|Any CPU.ActiveCfg = Debug|Any CPU
		{BE9BC5A5-E0EC-4ACE-8C06-C63528A2CE46}.Debug|Any CPU.Build.0 = Debug|Any CPU
		{BE9BC5A5-E0EC-4ACE-8C06-C63528A2CE46}.Release|Any CPU.ActiveCfg = Release|Any CPU
		{BE9BC5A5-E0EC-4ACE-8C06-C63528A2CE46}.Release|Any CPU.Build.0 = Release|Any CPU
		{0732A862-B7F6-4D96-97E8-0C8B27DCE146}.Debug|Any CPU.ActiveCfg = Debug|Any CPU
		{0732A862-B7F6-4D96-97E8-0C8B27DCE146}.Debug|Any CPU.Build.0 = Debug|Any CPU
		{0732A862-B7F6-4D96-97E8-0C8B27DCE146}.Release|Any CPU.ActiveCfg = Release|Any CPU
		{0732A862-B7F6-4D96-97E8-0C8B27DCE146}.Release|Any CPU.Build.0 = Release|Any CPU
		{BC07556F-1B31-4079-9444-9D11F84964E7}.Debug|Any CPU.ActiveCfg = Debug|Any CPU
		{BC07556F-1B31-4079-9444-9D11F84964E7}.Debug|Any CPU.Build.0 = Debug|Any CPU
		{BC07556F-1B31-4079-9444-9D11F84964E7}.Release|Any CPU.ActiveCfg = Release|Any CPU
		{BC07556F-1B31-4079-9444-9D11F84964E7}.Release|Any CPU.Build.0 = Release|Any CPU
	EndGlobalSection
	GlobalSection(SolutionProperties) = preSolution
		HideSolutionNode = FALSE
	EndGlobalSection
	GlobalSection(ExtensibilityGlobals) = postSolution
		SolutionGuid = {C964E10D-1C8D-49FA-9A7F-A46AA72E41FC}
	EndGlobalSection
EndGlobal
